// !$*UTF8*$!
{
	archiveVersion = 1;
	classes = {
	};
	objectVersion = 50;
	objects = {

/* Begin PBXBuildFile section */
		A05D2DA121EF85AC00FCB6DE /* AppDelegate.swift in Sources */ = {isa = PBXBuildFile; fileRef = A05D2DA021EF85AC00FCB6DE /* AppDelegate.swift */; };
		A05D2DA621EF85AC00FCB6DE /* Main.storyboard in Resources */ = {isa = PBXBuildFile; fileRef = A05D2DA421EF85AC00FCB6DE /* Main.storyboard */; };
		A05D2DA821EF85B100FCB6DE /* Assets.xcassets in Resources */ = {isa = PBXBuildFile; fileRef = A05D2DA721EF85B100FCB6DE /* Assets.xcassets */; };
		A05D2DAB21EF85B100FCB6DE /* LaunchScreen.storyboard in Resources */ = {isa = PBXBuildFile; fileRef = A05D2DA921EF85B100FCB6DE /* LaunchScreen.storyboard */; };
		A05D2DB621EF85B100FCB6DE /* BaluchonTests.swift in Sources */ = {isa = PBXBuildFile; fileRef = A05D2DB521EF85B100FCB6DE /* BaluchonTests.swift */; };
		A05D2DC521EF86CD00FCB6DE /* WeatherViewController.swift in Sources */ = {isa = PBXBuildFile; fileRef = A05D2DC421EF86CD00FCB6DE /* WeatherViewController.swift */; };
		A05D2DC721EF86DF00FCB6DE /* TranslateViewController.swift in Sources */ = {isa = PBXBuildFile; fileRef = A05D2DC621EF86DF00FCB6DE /* TranslateViewController.swift */; };
		A05D2DC921EF86FD00FCB6DE /* ExchangeRateViewController.swift in Sources */ = {isa = PBXBuildFile; fileRef = A05D2DC821EF86FD00FCB6DE /* ExchangeRateViewController.swift */; };
/* End PBXBuildFile section */

/* Begin PBXContainerItemProxy section */
		A05D2DB221EF85B100FCB6DE /* PBXContainerItemProxy */ = {
			isa = PBXContainerItemProxy;
			containerPortal = A05D2D9521EF85AC00FCB6DE /* Project object */;
			proxyType = 1;
			remoteGlobalIDString = A05D2D9C21EF85AC00FCB6DE;
			remoteInfo = Baluchon;
		};
/* End PBXContainerItemProxy section */

/* Begin PBXFileReference section */
		A05D2D9D21EF85AC00FCB6DE /* Baluchon.app */ = {isa = PBXFileReference; explicitFileType = wrapper.application; includeInIndex = 0; path = Baluchon.app; sourceTree = BUILT_PRODUCTS_DIR; };
		A05D2DA021EF85AC00FCB6DE /* AppDelegate.swift */ = {isa = PBXFileReference; lastKnownFileType = sourcecode.swift; path = AppDelegate.swift; sourceTree = "<group>"; };
		A05D2DA521EF85AC00FCB6DE /* Base */ = {isa = PBXFileReference; lastKnownFileType = file.storyboard; name = Base; path = Base.lproj/Main.storyboard; sourceTree = "<group>"; };
		A05D2DA721EF85B100FCB6DE /* Assets.xcassets */ = {isa = PBXFileReference; lastKnownFileType = folder.assetcatalog; path = Assets.xcassets; sourceTree = "<group>"; };
		A05D2DAA21EF85B100FCB6DE /* Base */ = {isa = PBXFileReference; lastKnownFileType = file.storyboard; name = Base; path = Base.lproj/LaunchScreen.storyboard; sourceTree = "<group>"; };
		A05D2DAC21EF85B100FCB6DE /* Info.plist */ = {isa = PBXFileReference; lastKnownFileType = text.plist.xml; path = Info.plist; sourceTree = "<group>"; };
		A05D2DB121EF85B100FCB6DE /* BaluchonTests.xctest */ = {isa = PBXFileReference; explicitFileType = wrapper.cfbundle; includeInIndex = 0; path = BaluchonTests.xctest; sourceTree = BUILT_PRODUCTS_DIR; };
		A05D2DB521EF85B100FCB6DE /* BaluchonTests.swift */ = {isa = PBXFileReference; lastKnownFileType = sourcecode.swift; path = BaluchonTests.swift; sourceTree = "<group>"; };
		A05D2DB721EF85B100FCB6DE /* Info.plist */ = {isa = PBXFileReference; lastKnownFileType = text.plist.xml; path = Info.plist; sourceTree = "<group>"; };
		A05D2DC421EF86CD00FCB6DE /* WeatherViewController.swift */ = {isa = PBXFileReference; lastKnownFileType = sourcecode.swift; path = WeatherViewController.swift; sourceTree = "<group>"; };
		A05D2DC621EF86DF00FCB6DE /* TranslateViewController.swift */ = {isa = PBXFileReference; lastKnownFileType = sourcecode.swift; path = TranslateViewController.swift; sourceTree = "<group>"; };
		A05D2DC821EF86FD00FCB6DE /* ExchangeRateViewController.swift */ = {isa = PBXFileReference; lastKnownFileType = sourcecode.swift; path = ExchangeRateViewController.swift; sourceTree = "<group>"; };
/* End PBXFileReference section */

/* Begin PBXFrameworksBuildPhase section */
		A05D2D9A21EF85AC00FCB6DE /* Frameworks */ = {
			isa = PBXFrameworksBuildPhase;
			buildActionMask = 2147483647;
			files = (
			);
			runOnlyForDeploymentPostprocessing = 0;
		};
		A05D2DAE21EF85B100FCB6DE /* Frameworks */ = {
			isa = PBXFrameworksBuildPhase;
			buildActionMask = 2147483647;
			files = (
			);
			runOnlyForDeploymentPostprocessing = 0;
		};
/* End PBXFrameworksBuildPhase section */

/* Begin PBXGroup section */
		A05D2D9421EF85AC00FCB6DE = {
			isa = PBXGroup;
			children = (
				A05D2D9F21EF85AC00FCB6DE /* Baluchon */,
				A05D2DB421EF85B100FCB6DE /* BaluchonTests */,
				A05D2D9E21EF85AC00FCB6DE /* Products */,
			);
			sourceTree = "<group>";
		};
		A05D2D9E21EF85AC00FCB6DE /* Products */ = {
			isa = PBXGroup;
			children = (
				A05D2D9D21EF85AC00FCB6DE /* Baluchon.app */,
				A05D2DB121EF85B100FCB6DE /* BaluchonTests.xctest */,
			);
			name = Products;
			sourceTree = "<group>";
		};
		A05D2D9F21EF85AC00FCB6DE /* Baluchon */ = {
			isa = PBXGroup;
			children = (
				A05D2DC321EF85D500FCB6DE /* Supporting Files */,
				A05D2DC221EF85CD00FCB6DE /* Controller */,
				A05D2DC121EF85C700FCB6DE /* Model */,
				A05D2DC021EF85BC00FCB6DE /* View */,
				A05D2DAC21EF85B100FCB6DE /* Info.plist */,
			);
			path = Baluchon;
			sourceTree = "<group>";
		};
		A05D2DB421EF85B100FCB6DE /* BaluchonTests */ = {
			isa = PBXGroup;
			children = (
				A05D2DB521EF85B100FCB6DE /* BaluchonTests.swift */,
				A05D2DB721EF85B100FCB6DE /* Info.plist */,
			);
			path = BaluchonTests;
			sourceTree = "<group>";
		};
		A05D2DC021EF85BC00FCB6DE /* View */ = {
			isa = PBXGroup;
			children = (
				A05D2DA421EF85AC00FCB6DE /* Main.storyboard */,
				A05D2DA921EF85B100FCB6DE /* LaunchScreen.storyboard */,
			);
			path = View;
			sourceTree = "<group>";
		};
		A05D2DC121EF85C700FCB6DE /* Model */ = {
			isa = PBXGroup;
			children = (
			);
			path = Model;
			sourceTree = "<group>";
		};
		A05D2DC221EF85CD00FCB6DE /* Controller */ = {
			isa = PBXGroup;
			children = (
				A05D2DC421EF86CD00FCB6DE /* WeatherViewController.swift */,
				A05D2DC621EF86DF00FCB6DE /* TranslateViewController.swift */,
				A05D2DC821EF86FD00FCB6DE /* ExchangeRateViewController.swift */,
			);
			path = Controller;
			sourceTree = "<group>";
		};
		A05D2DC321EF85D500FCB6DE /* Supporting Files */ = {
			isa = PBXGroup;
			children = (
				A05D2DA721EF85B100FCB6DE /* Assets.xcassets */,
				A05D2DA021EF85AC00FCB6DE /* AppDelegate.swift */,
			);
			path = "Supporting Files";
			sourceTree = "<group>";
		};
/* End PBXGroup section */

/* Begin PBXNativeTarget section */
		A05D2D9C21EF85AC00FCB6DE /* Baluchon */ = {
			isa = PBXNativeTarget;
			buildConfigurationList = A05D2DBA21EF85B100FCB6DE /* Build configuration list for PBXNativeTarget "Baluchon" */;
			buildPhases = (
				A05D2D9921EF85AC00FCB6DE /* Sources */,
				A05D2D9A21EF85AC00FCB6DE /* Frameworks */,
				A05D2D9B21EF85AC00FCB6DE /* Resources */,
			);
			buildRules = (
			);
			dependencies = (
			);
			name = Baluchon;
			productName = Baluchon;
			productReference = A05D2D9D21EF85AC00FCB6DE /* Baluchon.app */;
			productType = "com.apple.product-type.application";
		};
		A05D2DB021EF85B100FCB6DE /* BaluchonTests */ = {
			isa = PBXNativeTarget;
			buildConfigurationList = A05D2DBD21EF85B100FCB6DE /* Build configuration list for PBXNativeTarget "BaluchonTests" */;
			buildPhases = (
				A05D2DAD21EF85B100FCB6DE /* Sources */,
				A05D2DAE21EF85B100FCB6DE /* Frameworks */,
				A05D2DAF21EF85B100FCB6DE /* Resources */,
			);
			buildRules = (
			);
			dependencies = (
				A05D2DB321EF85B100FCB6DE /* PBXTargetDependency */,
			);
			name = BaluchonTests;
			productName = BaluchonTests;
			productReference = A05D2DB121EF85B100FCB6DE /* BaluchonTests.xctest */;
			productType = "com.apple.product-type.bundle.unit-test";
		};
/* End PBXNativeTarget section */

/* Begin PBXProject section */
		A05D2D9521EF85AC00FCB6DE /* Project object */ = {
			isa = PBXProject;
			attributes = {
				LastSwiftUpdateCheck = 1010;
				LastUpgradeCheck = 1010;
				ORGANIZATIONNAME = "Marques Lucas";
				TargetAttributes = {
					A05D2D9C21EF85AC00FCB6DE = {
						CreatedOnToolsVersion = 10.1;
					};
					A05D2DB021EF85B100FCB6DE = {
						CreatedOnToolsVersion = 10.1;
						TestTargetID = A05D2D9C21EF85AC00FCB6DE;
					};
				};
			};
			buildConfigurationList = A05D2D9821EF85AC00FCB6DE /* Build configuration list for PBXProject "Baluchon" */;
			compatibilityVersion = "Xcode 9.3";
			developmentRegion = en;
			hasScannedForEncodings = 0;
			knownRegions = (
				en,
				Base,
			);
			mainGroup = A05D2D9421EF85AC00FCB6DE;
			productRefGroup = A05D2D9E21EF85AC00FCB6DE /* Products */;
			projectDirPath = "";
			projectRoot = "";
			targets = (
				A05D2D9C21EF85AC00FCB6DE /* Baluchon */,
				A05D2DB021EF85B100FCB6DE /* BaluchonTests */,
			);
		};
/* End PBXProject section */

/* Begin PBXResourcesBuildPhase section */
		A05D2D9B21EF85AC00FCB6DE /* Resources */ = {
			isa = PBXResourcesBuildPhase;
			buildActionMask = 2147483647;
			files = (
				A05D2DAB21EF85B100FCB6DE /* LaunchScreen.storyboard in Resources */,
				A05D2DA821EF85B100FCB6DE /* Assets.xcassets in Resources */,
				A05D2DA621EF85AC00FCB6DE /* Main.storyboard in Resources */,
			);
			runOnlyForDeploymentPostprocessing = 0;
		};
		A05D2DAF21EF85B100FCB6DE /* Resources */ = {
			isa = PBXResourcesBuildPhase;
			buildActionMask = 2147483647;
			files = (
			);
			runOnlyForDeploymentPostprocessing = 0;
		};
/* End PBXResourcesBuildPhase section */

/* Begin PBXSourcesBuildPhase section */
		A05D2D9921EF85AC00FCB6DE /* Sources */ = {
			isa = PBXSourcesBuildPhase;
			buildActionMask = 2147483647;
			files = (
				A05D2DA121EF85AC00FCB6DE /* AppDelegate.swift in Sources */,
				A05D2DC521EF86CD00FCB6DE /* WeatherViewController.swift in Sources */,
				A05D2DC921EF86FD00FCB6DE /* ExchangeRateViewController.swift in Sources */,
				A05D2DC721EF86DF00FCB6DE /* TranslateViewController.swift in Sources */,
			);
			runOnlyForDeploymentPostprocessing = 0;
		};
		A05D2DAD21EF85B100FCB6DE /* Sources */ = {
			isa = PBXSourcesBuildPhase;
			buildActionMask = 2147483647;
			files = (
				A05D2DB621EF85B100FCB6DE /* BaluchonTests.swift in Sources */,
			);
			runOnlyForDeploymentPostprocessing = 0;
		};
/* End PBXSourcesBuildPhase section */

/* Begin PBXTargetDependency section */
		A05D2DB321EF85B100FCB6DE /* PBXTargetDependency */ = {
			isa = PBXTargetDependency;
			target = A05D2D9C21EF85AC00FCB6DE /* Baluchon */;
			targetProxy = A05D2DB221EF85B100FCB6DE /* PBXContainerItemProxy */;
		};
/* End PBXTargetDependency section */

/* Begin PBXVariantGroup section */
		A05D2DA421EF85AC00FCB6DE /* Main.storyboard */ = {
			isa = PBXVariantGroup;
			children = (
				A05D2DA521EF85AC00FCB6DE /* Base */,
			);
			name = Main.storyboard;
			sourceTree = "<group>";
		};
		A05D2DA921EF85B100FCB6DE /* LaunchScreen.storyboard */ = {
			isa = PBXVariantGroup;
			children = (
				A05D2DAA21EF85B100FCB6DE /* Base */,
			);
			name = LaunchScreen.storyboard;
			sourceTree = "<group>";
		};
/* End PBXVariantGroup section */

/* Begin XCBuildConfiguration section */
		A05D2DB821EF85B100FCB6DE /* Debug */ = {
			isa = XCBuildConfiguration;
			buildSettings = {
				ALWAYS_SEARCH_USER_PATHS = NO;
				CLANG_ANALYZER_NONNULL = YES;
				CLANG_ANALYZER_NUMBER_OBJECT_CONVERSION = YES_AGGRESSIVE;
				CLANG_CXX_LANGUAGE_STANDARD = "gnu++14";
				CLANG_CXX_LIBRARY = "libc++";
				CLANG_ENABLE_MODULES = YES;
				CLANG_ENABLE_OBJC_ARC = YES;
				CLANG_ENABLE_OBJC_WEAK = YES;
				CLANG_WARN_BLOCK_CAPTURE_AUTORELEASING = YES;
				CLANG_WARN_BOOL_CONVERSION = YES;
				CLANG_WARN_COMMA = YES;
				CLANG_WARN_CONSTANT_CONVERSION = YES;
				CLANG_WARN_DEPRECATED_OBJC_IMPLEMENTATIONS = YES;
				CLANG_WARN_DIRECT_OBJC_ISA_USAGE = YES_ERROR;
				CLANG_WARN_DOCUMENTATION_COMMENTS = YES;
				CLANG_WARN_EMPTY_BODY = YES;
				CLANG_WARN_ENUM_CONVERSION = YES;
				CLANG_WARN_INFINITE_RECURSION = YES;
				CLANG_WARN_INT_CONVERSION = YES;
				CLANG_WARN_NON_LITERAL_NULL_CONVERSION = YES;
				CLANG_WARN_OBJC_IMPLICIT_RETAIN_SELF = YES;
				CLANG_WARN_OBJC_LITERAL_CONVERSION = YES;
				CLANG_WARN_OBJC_ROOT_CLASS = YES_ERROR;
				CLANG_WARN_RANGE_LOOP_ANALYSIS = YES;
				CLANG_WARN_STRICT_PROTOTYPES = YES;
				CLANG_WARN_SUSPICIOUS_MOVE = YES;
				CLANG_WARN_UNGUARDED_AVAILABILITY = YES_AGGRESSIVE;
				CLANG_WARN_UNREACHABLE_CODE = YES;
				CLANG_WARN__DUPLICATE_METHOD_MATCH = YES;
				CODE_SIGN_IDENTITY = "iPhone Developer";
				COPY_PHASE_STRIP = NO;
				DEBUG_INFORMATION_FORMAT = dwarf;
				ENABLE_STRICT_OBJC_MSGSEND = YES;
				ENABLE_TESTABILITY = YES;
				GCC_C_LANGUAGE_STANDARD = gnu11;
				GCC_DYNAMIC_NO_PIC = NO;
				GCC_NO_COMMON_BLOCKS = YES;
				GCC_OPTIMIZATION_LEVEL = 0;
				GCC_PREPROCESSOR_DEFINITIONS = (
					"DEBUG=1",
					"$(inherited)",
				);
				GCC_WARN_64_TO_32_BIT_CONVERSION = YES;
				GCC_WARN_ABOUT_RETURN_TYPE = YES_ERROR;
				GCC_WARN_UNDECLARED_SELECTOR = YES;
				GCC_WARN_UNINITIALIZED_AUTOS = YES_AGGRESSIVE;
				GCC_WARN_UNUSED_FUNCTION = YES;
				GCC_WARN_UNUSED_VARIABLE = YES;
				IPHONEOS_DEPLOYMENT_TARGET = 12.1;
				MTL_ENABLE_DEBUG_INFO = INCLUDE_SOURCE;
				MTL_FAST_MATH = YES;
				ONLY_ACTIVE_ARCH = YES;
				SDKROOT = iphoneos;
				SWIFT_ACTIVE_COMPILATION_CONDITIONS = DEBUG;
				SWIFT_OPTIMIZATION_LEVEL = "-Onone";
			};
			name = Debug;
		};
		A05D2DB921EF85B100FCB6DE /* Release */ = {
			isa = XCBuildConfiguration;
			buildSettings = {
				ALWAYS_SEARCH_USER_PATHS = NO;
				CLANG_ANALYZER_NONNULL = YES;
				CLANG_ANALYZER_NUMBER_OBJECT_CONVERSION = YES_AGGRESSIVE;
				CLANG_CXX_LANGUAGE_STANDARD = "gnu++14";
				CLANG_CXX_LIBRARY = "libc++";
				CLANG_ENABLE_MODULES = YES;
				CLANG_ENABLE_OBJC_ARC = YES;
				CLANG_ENABLE_OBJC_WEAK = YES;
				CLANG_WARN_BLOCK_CAPTURE_AUTORELEASING = YES;
				CLANG_WARN_BOOL_CONVERSION = YES;
				CLANG_WARN_COMMA = YES;
				CLANG_WARN_CONSTANT_CONVERSION = YES;
				CLANG_WARN_DEPRECATED_OBJC_IMPLEMENTATIONS = YES;
				CLANG_WARN_DIRECT_OBJC_ISA_USAGE = YES_ERROR;
				CLANG_WARN_DOCUMENTATION_COMMENTS = YES;
				CLANG_WARN_EMPTY_BODY = YES;
				CLANG_WARN_ENUM_CONVERSION = YES;
				CLANG_WARN_INFINITE_RECURSION = YES;
				CLANG_WARN_INT_CONVERSION = YES;
				CLANG_WARN_NON_LITERAL_NULL_CONVERSION = YES;
				CLANG_WARN_OBJC_IMPLICIT_RETAIN_SELF = YES;
				CLANG_WARN_OBJC_LITERAL_CONVERSION = YES;
				CLANG_WARN_OBJC_ROOT_CLASS = YES_ERROR;
				CLANG_WARN_RANGE_LOOP_ANALYSIS = YES;
				CLANG_WARN_STRICT_PROTOTYPES = YES;
				CLANG_WARN_SUSPICIOUS_MOVE = YES;
				CLANG_WARN_UNGUARDED_AVAILABILITY = YES_AGGRESSIVE;
				CLANG_WARN_UNREACHABLE_CODE = YES;
				CLANG_WARN__DUPLICATE_METHOD_MATCH = YES;
				CODE_SIGN_IDENTITY = "iPhone Developer";
				COPY_PHASE_STRIP = NO;
				DEBUG_INFORMATION_FORMAT = "dwarf-with-dsym";
				ENABLE_NS_ASSERTIONS = NO;
				ENABLE_STRICT_OBJC_MSGSEND = YES;
				GCC_C_LANGUAGE_STANDARD = gnu11;
				GCC_NO_COMMON_BLOCKS = YES;
				GCC_WARN_64_TO_32_BIT_CONVERSION = YES;
				GCC_WARN_ABOUT_RETURN_TYPE = YES_ERROR;
				GCC_WARN_UNDECLARED_SELECTOR = YES;
				GCC_WARN_UNINITIALIZED_AUTOS = YES_AGGRESSIVE;
				GCC_WARN_UNUSED_FUNCTION = YES;
				GCC_WARN_UNUSED_VARIABLE = YES;
				IPHONEOS_DEPLOYMENT_TARGET = 12.1;
				MTL_ENABLE_DEBUG_INFO = NO;
				MTL_FAST_MATH = YES;
				SDKROOT = iphoneos;
				SWIFT_COMPILATION_MODE = wholemodule;
				SWIFT_OPTIMIZATION_LEVEL = "-O";
				VALIDATE_PRODUCT = YES;
			};
			name = Release;
		};
		A05D2DBB21EF85B100FCB6DE /* Debug */ = {
			isa = XCBuildConfiguration;
			buildSettings = {
				ASSETCATALOG_COMPILER_APPICON_NAME = AppIcon;
				CODE_SIGN_STYLE = Automatic;
				DEVELOPMENT_TEAM = N4VGXY9MV7;
				INFOPLIST_FILE = Baluchon/Info.plist;
				LD_RUNPATH_SEARCH_PATHS = (
					"$(inherited)",
					"@executable_path/Frameworks",
				);
				PRODUCT_BUNDLE_IDENTIFIER = com.MarquesLucas.Baluchon;
				PRODUCT_NAME = "$(TARGET_NAME)";
				SWIFT_VERSION = 4.2;
				TARGETED_DEVICE_FAMILY = "1,2";
			};
			name = Debug;
		};
		A05D2DBC21EF85B100FCB6DE /* Release */ = {
			isa = XCBuildConfiguration;
			buildSettings = {
				ASSETCATALOG_COMPILER_APPICON_NAME = AppIcon;
				CODE_SIGN_STYLE = Automatic;
				DEVELOPMENT_TEAM = N4VGXY9MV7;
				INFOPLIST_FILE = Baluchon/Info.plist;
				LD_RUNPATH_SEARCH_PATHS = (
					"$(inherited)",
					"@executable_path/Frameworks",
				);
				PRODUCT_BUNDLE_IDENTIFIER = com.MarquesLucas.Baluchon;
				PRODUCT_NAME = "$(TARGET_NAME)";
				SWIFT_VERSION = 4.2;
				TARGETED_DEVICE_FAMILY = "1,2";
			};
			name = Release;
		};
		A05D2DBE21EF85B100FCB6DE /* Debug */ = {
			isa = XCBuildConfiguration;
			buildSettings = {
				ALWAYS_EMBED_SWIFT_STANDARD_LIBRARIES = YES;
				BUNDLE_LOADER = "$(TEST_HOST)";
				CODE_SIGN_STYLE = Automatic;
				DEVELOPMENT_TEAM = N4VGXY9MV7;
				INFOPLIST_FILE = BaluchonTests/Info.plist;
				LD_RUNPATH_SEARCH_PATHS = (
					"$(inherited)",
					"@executable_path/Frameworks",
					"@loader_path/Frameworks",
				);
				PRODUCT_BUNDLE_IDENTIFIER = com.MarquesLucas.BaluchonTests;
				PRODUCT_NAME = "$(TARGET_NAME)";
				SWIFT_VERSION = 4.2;
				TARGETED_DEVICE_FAMILY = "1,2";
				TEST_HOST = "$(BUILT_PRODUCTS_DIR)/Baluchon.app/Baluchon";
			};
			name = Debug;
		};
		A05D2DBF21EF85B100FCB6DE /* Release */ = {
			isa = XCBuildConfiguration;
			buildSettings = {
				ALWAYS_EMBED_SWIFT_STANDARD_LIBRARIES = YES;
				BUNDLE_LOADER = "$(TEST_HOST)";
				CODE_SIGN_STYLE = Automatic;
				DEVELOPMENT_TEAM = N4VGXY9MV7;
				INFOPLIST_FILE = BaluchonTests/Info.plist;
				LD_RUNPATH_SEARCH_PATHS = (
					"$(inherited)",
					"@executable_path/Frameworks",
					"@loader_path/Frameworks",
				);
				PRODUCT_BUNDLE_IDENTIFIER = com.MarquesLucas.BaluchonTests;
				PRODUCT_NAME = "$(TARGET_NAME)";
				SWIFT_VERSION = 4.2;
				TARGETED_DEVICE_FAMILY = "1,2";
				TEST_HOST = "$(BUILT_PRODUCTS_DIR)/Baluchon.app/Baluchon";
			};
			name = Release;
		};
/* End XCBuildConfiguration section */

/* Begin XCConfigurationList section */
		A05D2D9821EF85AC00FCB6DE /* Build configuration list for PBXProject "Baluchon" */ = {
			isa = XCConfigurationList;
			buildConfigurations = (
				A05D2DB821EF85B100FCB6DE /* Debug */,
				A05D2DB921EF85B100FCB6DE /* Release */,
			);
			defaultConfigurationIsVisible = 0;
			defaultConfigurationName = Release;
		};
		A05D2DBA21EF85B100FCB6DE /* Build configuration list for PBXNativeTarget "Baluchon" */ = {
			isa = XCConfigurationList;
			buildConfigurations = (
				A05D2DBB21EF85B100FCB6DE /* Debug */,
				A05D2DBC21EF85B100FCB6DE /* Release */,
			);
			defaultConfigurationIsVisible = 0;
			defaultConfigurationName = Release;
		};
		A05D2DBD21EF85B100FCB6DE /* Build configuration list for PBXNativeTarget "BaluchonTests" */ = {
			isa = XCConfigurationList;
			buildConfigurations = (
				A05D2DBE21EF85B100FCB6DE /* Debug */,
				A05D2DBF21EF85B100FCB6DE /* Release */,
			);
			defaultConfigurationIsVisible = 0;
			defaultConfigurationName = Release;
		};
/* End XCConfigurationList section */
	};
	rootObject = A05D2D9521EF85AC00FCB6DE /* Project object */;
}
